Microsoft Visual Studio Solution File, Format Version 12.00
# Visual Studio 15
VisualStudioVersion = 15.0.26730.16
MinimumVisualStudioVersion = 10.0.40219.1
Project("{FAE04EC0-301F-11D3-BF4B-00C04F79EFBC}") = "RunEveryWhere.iOS", "iOS\RunEveryWhere.iOS.csproj", "{FE8588B1-FC31-4DFF-8EC6-0156B2DDC62B}"
EndProject
Project("{FAE04EC0-301F-11D3-BF4B-00C04F79EFBC}") = "RunEveryWhere.Droid", "Droid\RunEveryWhere.Droid.csproj", "{E9D11BAC-52D8-428E-86ED-AA65559B3F9F}"
EndProject
Project("{9A19103F-16F7-4668-BE54-9A1E7A4F7556}") = "RunEveryWhere.MobileAppService", "MobileAppService\RunEveryWhere.MobileAppService.csproj", "{88C3B0E1-0277-45DD-BEBF-FD66FE687700}"
EndProject
Project("{2150E333-8FDC-42A3-9474-1A3956D46DE8}") = "Testing", "Testing", "{FF34721A-3A21-483E-B770-2F4A57F21CCF}"
EndProject
Project("{2150E333-8FDC-42A3-9474-1A3956D46DE8}") = "Backend", "Backend", "{B9AA2A9C-A7D7-4B85-B7BE-55BFDBCDC0A2}"
EndProject
Project("{9A19103F-16F7-4668-BE54-9A1E7A4F7556}") = "RunEveryWhere.Standard", "RunEveryWhere.Standard\RunEveryWhere.Standard.csproj", "{89D984F9-2942-4156-A117-ADABFA7F5ABE}"
EndProject
Project("{FAE04EC0-301F-11D3-BF4B-00C04F79EFBC}") = "RunEveryWhere", "RunEveryWhere\RunEveryWhere.csproj", "{B37CA473-F352-4DA1-843A-FFF870A22581}"
EndProject
Project("{FAE04EC0-301F-11D3-BF4B-00C04F79EFBC}") = "RunEveryWhere.UnitTest", "UnitTest\RunEveryWhere.UnitTest.csproj", "{56D194A9-1A22-4DF3-A3DC-5E98F531ABA3}"
EndProject
Project("{FAE04EC0-301F-11D3-BF4B-00C04F79EFBC}") = "RunEveryWhere.UITest", "UITest\RunEveryWhere.UITest.csproj", "{6B7A85DC-D665-4599-935E-54169C197CF4}"
EndProject
Project("{FAE04EC0-301F-11D3-BF4B-00C04F79EFBC}") = "RunEveryWhere.MacOS", "MacOS\RunEveryWhere.MacOS.csproj", "{B4F07D51-EF8B-4F3C-A045-B9995DCA52DF}"
EndProject
Project("{FAE04EC0-301F-11D3-BF4B-00C04F79EFBC}") = "RunEveryWhere.UWP", "UWP\RunEveryWhere.UWP.csproj", "{A45EC442-CAF3-492D-B6D3-409C65633C4C}"
EndProject
Global
	GlobalSection(SolutionConfigurationPlatforms) = preSolution
		Debug|Any CPU = Debug|Any CPU
		Debug|ARM = Debug|ARM
		Debug|iPhone = Debug|iPhone
		Debug|iPhoneSimulator = Debug|iPhoneSimulator
		Debug|x64 = Debug|x64
		Debug|x86 = Debug|x86
		Release|Any CPU = Release|Any CPU
		Release|ARM = Release|ARM
		Release|iPhone = Release|iPhone
		Release|iPhoneSimulator = Release|iPhoneSimulator
		Release|x64 = Release|x64
		Release|x86 = Release|x86
	EndGlobalSection
	GlobalSection(ProjectConfigurationPlatforms) = postSolution
		{FE8588B1-FC31-4DFF-8EC6-0156B2DDC62B}.Debug|Any CPU.ActiveCfg = Debug|iPhoneSimulator
		{FE8588B1-FC31-4DFF-8EC6-0156B2DDC62B}.Debug|Any CPU.Build.0 = Debug|iPhoneSimulator
		{FE8588B1-FC31-4DFF-8EC6-0156B2DDC62B}.Debug|ARM.ActiveCfg = Debug|iPhone
		{FE8588B1-FC31-4DFF-8EC6-0156B2DDC62B}.Debug|iPhone.ActiveCfg = Debug|iPhone
		{FE8588B1-FC31-4DFF-8EC6-0156B2DDC62B}.Debug|iPhone.Build.0 = Debug|iPhone
		{FE8588B1-FC31-4DFF-8EC6-0156B2DDC62B}.Debug|iPhoneSimulator.ActiveCfg = Debug|iPhoneSimulator
		{FE8588B1-FC31-4DFF-8EC6-0156B2DDC62B}.Debug|iPhoneSimulator.Build.0 = Debug|iPhoneSimulator
		{FE8588B1-FC31-4DFF-8EC6-0156B2DDC62B}.Debug|x64.ActiveCfg = Debug|iPhone
		{FE8588B1-FC31-4DFF-8EC6-0156B2DDC62B}.Debug|x86.ActiveCfg = Debug|iPhone
		{FE8588B1-FC31-4DFF-8EC6-0156B2DDC62B}.Release|Any CPU.ActiveCfg = Release|iPhone
		{FE8588B1-FC31-4DFF-8EC6-0156B2DDC62B}.Release|Any CPU.Build.0 = Release|iPhone
		{FE8588B1-FC31-4DFF-8EC6-0156B2DDC62B}.Release|ARM.ActiveCfg = Release|iPhoneSimulator
		{FE8588B1-FC31-4DFF-8EC6-0156B2DDC62B}.Release|iPhone.ActiveCfg = Release|iPhone
		{FE8588B1-FC31-4DFF-8EC6-0156B2DDC62B}.Release|iPhone.Build.0 = Release|iPhone
		{FE8588B1-FC31-4DFF-8EC6-0156B2DDC62B}.Release|iPhoneSimulator.ActiveCfg = Release|iPhoneSimulator
		{FE8588B1-FC31-4DFF-8EC6-0156B2DDC62B}.Release|iPhoneSimulator.Build.0 = Release|iPhoneSimulator
		{FE8588B1-FC31-4DFF-8EC6-0156B2DDC62B}.Release|x64.ActiveCfg = Release|iPhoneSimulator
		{FE8588B1-FC31-4DFF-8EC6-0156B2DDC62B}.Release|x86.ActiveCfg = Release|iPhoneSimulator
		{E9D11BAC-52D8-428E-86ED-AA65559B3F9F}.Debug|Any CPU.ActiveCfg = Debug|Any CPU
		{E9D11BAC-52D8-428E-86ED-AA65559B3F9F}.Debug|Any CPU.Build.0 = Debug|Any CPU
		{E9D11BAC-52D8-428E-86ED-AA65559B3F9F}.Debug|ARM.ActiveCfg = Debug|Any CPU
		{E9D11BAC-52D8-428E-86ED-AA65559B3F9F}.Debug|ARM.Build.0 = Debug|Any CPU
		{E9D11BAC-52D8-428E-86ED-AA65559B3F9F}.Debug|ARM.Deploy.0 = Debug|Any CPU
		{E9D11BAC-52D8-428E-86ED-AA65559B3F9F}.Debug|iPhone.ActiveCfg = Debug|Any CPU
		{E9D11BAC-52D8-428E-86ED-AA65559B3F9F}.Debug|iPhone.Build.0 = Debug|Any CPU
		{E9D11BAC-52D8-428E-86ED-AA65559B3F9F}.Debug|iPhoneSimulator.ActiveCfg = Debug|Any CPU
		{E9D11BAC-52D8-428E-86ED-AA65559B3F9F}.Debug|iPhoneSimulator.Build.0 = Debug|Any CPU
		{E9D11BAC-52D8-428E-86ED-AA65559B3F9F}.Debug|x64.ActiveCfg = Debug|Any CPU
		{E9D11BAC-52D8-428E-86ED-AA65559B3F9F}.Debug|x64.Build.0 = Debug|Any CPU
		{E9D11BAC-52D8-428E-86ED-AA65559B3F9F}.Debug|x64.Deploy.0 = Debug|Any CPU
		{E9D11BAC-52D8-428E-86ED-AA65559B3F9F}.Debug|x86.ActiveCfg = Debug|Any CPU
		{E9D11BAC-52D8-428E-86ED-AA65559B3F9F}.Debug|x86.Build.0 = Debug|Any CPU
		{E9D11BAC-52D8-428E-86ED-AA65559B3F9F}.Debug|x86.Deploy.0 = Debug|Any CPU
		{E9D11BAC-52D8-428E-86ED-AA65559B3F9F}.Release|Any CPU.ActiveCfg = Release|Any CPU
		{E9D11BAC-52D8-428E-86ED-AA65559B3F9F}.Release|Any CPU.Build.0 = Release|Any CPU
		{E9D11BAC-52D8-428E-86ED-AA65559B3F9F}.Release|ARM.ActiveCfg = Release|Any CPU
		{E9D11BAC-52D8-428E-86ED-AA65559B3F9F}.Release|ARM.Build.0 = Release|Any CPU
		{E9D11BAC-52D8-428E-86ED-AA65559B3F9F}.Release|ARM.Deploy.0 = Release|Any CPU
		{E9D11BAC-52D8-428E-86ED-AA65559B3F9F}.Release|iPhone.ActiveCfg = Release|Any CPU
		{E9D11BAC-52D8-428E-86ED-AA65559B3F9F}.Release|iPhone.Build.0 = Release|Any CPU
		{E9D11BAC-52D8-428E-86ED-AA65559B3F9F}.Release|iPhoneSimulator.ActiveCfg = Release|Any CPU
		{E9D11BAC-52D8-428E-86ED-AA65559B3F9F}.Release|iPhoneSimulator.Build.0 = Release|Any CPU
		{E9D11BAC-52D8-428E-86ED-AA65559B3F9F}.Release|x64.ActiveCfg = Release|Any CPU
		{E9D11BAC-52D8-428E-86ED-AA65559B3F9F}.Release|x64.Build.0 = Release|Any CPU
		{E9D11BAC-52D8-428E-86ED-AA65559B3F9F}.Release|x64.Deploy.0 = Release|Any CPU
		{E9D11BAC-52D8-428E-86ED-AA65559B3F9F}.Release|x86.ActiveCfg = Release|Any CPU
		{E9D11BAC-52D8-428E-86ED-AA65559B3F9F}.Release|x86.Build.0 = Release|Any CPU
		{E9D11BAC-52D8-428E-86ED-AA65559B3F9F}.Release|x86.Deploy.0 = Release|Any CPU
		{88C3B0E1-0277-45DD-BEBF-FD66FE687700}.Debug|Any CPU.ActiveCfg = Debug|Any CPU
		{88C3B0E1-0277-45DD-BEBF-FD66FE687700}.Debug|Any CPU.Build.0 = Debug|Any CPU
		{88C3B0E1-0277-45DD-BEBF-FD66FE687700}.Debug|ARM.ActiveCfg = Debug|Any CPU
		{88C3B0E1-0277-45DD-BEBF-FD66FE687700}.Debug|ARM.Build.0 = Debug|Any CPU
		{88C3B0E1-0277-45DD-BEBF-FD66FE687700}.Debug|iPhone.ActiveCfg = Debug|Any CPU
		{88C3B0E1-0277-45DD-BEBF-FD66FE687700}.Debug|iPhone.Build.0 = Debug|Any CPU
		{88C3B0E1-0277-45DD-BEBF-FD66FE687700}.Debug|iPhoneSimulator.ActiveCfg = Debug|Any CPU
		{88C3B0E1-0277-45DD-BEBF-FD66FE687700}.Debug|iPhoneSimulator.Build.0 = Debug|Any CPU
		{88C3B0E1-0277-45DD-BEBF-FD66FE687700}.Debug|x64.ActiveCfg = Debug|Any CPU
		{88C3B0E1-0277-45DD-BEBF-FD66FE687700}.Debug|x64.Build.0 = Debug|Any CPU
		{88C3B0E1-0277-45DD-BEBF-FD66FE687700}.Debug|x86.ActiveCfg = Debug|Any CPU
		{88C3B0E1-0277-45DD-BEBF-FD66FE687700}.Debug|x86.Build.0 = Debug|Any CPU
		{88C3B0E1-0277-45DD-BEBF-FD66FE687700}.Release|Any CPU.ActiveCfg = Release|Any CPU
		{88C3B0E1-0277-45DD-BEBF-FD66FE687700}.Release|Any CPU.Build.0 = Release|Any CPU
		{88C3B0E1-0277-45DD-BEBF-FD66FE687700}.Release|ARM.ActiveCfg = Release|Any CPU
		{88C3B0E1-0277-45DD-BEBF-FD66FE687700}.Release|ARM.Build.0 = Release|Any CPU
		{88C3B0E1-0277-45DD-BEBF-FD66FE687700}.Release|iPhone.ActiveCfg = Release|Any CPU
		{88C3B0E1-0277-45DD-BEBF-FD66FE687700}.Release|iPhone.Build.0 = Release|Any CPU
		{88C3B0E1-0277-45DD-BEBF-FD66FE687700}.Release|iPhoneSimulator.ActiveCfg = Release|Any CPU
		{88C3B0E1-0277-45DD-BEBF-FD66FE687700}.Release|iPhoneSimulator.Build.0 = Release|Any CPU
		{88C3B0E1-0277-45DD-BEBF-FD66FE687700}.Release|x64.ActiveCfg = Release|Any CPU
		{88C3B0E1-0277-45DD-BEBF-FD66FE687700}.Release|x64.Build.0 = Release|Any CPU
		{88C3B0E1-0277-45DD-BEBF-FD66FE687700}.Release|x86.ActiveCfg = Release|Any CPU
		{88C3B0E1-0277-45DD-BEBF-FD66FE687700}.Release|x86.Build.0 = Release|Any CPU
		{89D984F9-2942-4156-A117-ADABFA7F5ABE}.Debug|Any CPU.ActiveCfg = Debug|Any CPU
		{89D984F9-2942-4156-A117-ADABFA7F5ABE}.Debug|Any CPU.Build.0 = Debug|Any CPU
		{89D984F9-2942-4156-A117-ADABFA7F5ABE}.Debug|ARM.ActiveCfg = Debug|Any CPU
		{89D984F9-2942-4156-A117-ADABFA7F5ABE}.Debug|ARM.Build.0 = Debug|Any CPU
		{89D984F9-2942-4156-A117-ADABFA7F5ABE}.Debug|iPhone.ActiveCfg = Debug|Any CPU
		{89D984F9-2942-4156-A117-ADABFA7F5ABE}.Debug|iPhone.Build.0 = Debug|Any CPU
		{89D984F9-2942-4156-A117-ADABFA7F5ABE}.Debug|iPhoneSimulator.ActiveCfg = Debug|Any CPU
		{89D984F9-2942-4156-A117-ADABFA7F5ABE}.Debug|iPhoneSimulator.Build.0 = Debug|Any CPU
		{89D984F9-2942-4156-A117-ADABFA7F5ABE}.Debug|x64.ActiveCfg = Debug|Any CPU
		{89D984F9-2942-4156-A117-ADABFA7F5ABE}.Debug|x64.Build.0 = Debug|Any CPU
		{89D984F9-2942-4156-A117-ADABFA7F5ABE}.Debug|x86.ActiveCfg = Debug|Any CPU
		{89D984F9-2942-4156-A117-ADABFA7F5ABE}.Debug|x86.Build.0 = Debug|Any CPU
		{89D984F9-2942-4156-A117-ADABFA7F5ABE}.Release|Any CPU.ActiveCfg = Release|Any CPU
		{89D984F9-2942-4156-A117-ADABFA7F5ABE}.Release|Any CPU.Build.0 = Release|Any CPU
		{89D984F9-2942-4156-A117-ADABFA7F5ABE}.Release|ARM.ActiveCfg = Release|Any CPU
		{89D984F9-2942-4156-A117-ADABFA7F5ABE}.Release|ARM.Build.0 = Release|Any CPU
		{89D984F9-2942-4156-A117-ADABFA7F5ABE}.Release|iPhone.ActiveCfg = Release|Any CPU
		{89D984F9-2942-4156-A117-ADABFA7F5ABE}.Release|iPhone.Build.0 = Release|Any CPU
		{89D984F9-2942-4156-A117-ADABFA7F5ABE}.Release|iPhoneSimulator.ActiveCfg = Release|Any CPU
		{89D984F9-2942-4156-A117-ADABFA7F5ABE}.Release|iPhoneSimulator.Build.0 = Release|Any CPU
		{89D984F9-2942-4156-A117-ADABFA7F5ABE}.Release|x64.ActiveCfg = Release|Any CPU
		{89D984F9-2942-4156-A117-ADABFA7F5ABE}.Release|x64.Build.0 = Release|Any CPU
		{89D984F9-2942-4156-A117-ADABFA7F5ABE}.Release|x86.ActiveCfg = Release|Any CPU
		{89D984F9-2942-4156-A117-ADABFA7F5ABE}.Release|x86.Build.0 = Release|Any CPU
		{B37CA473-F352-4DA1-843A-FFF870A22581}.Debug|Any CPU.ActiveCfg = Debug|Any CPU
		{B37CA473-F352-4DA1-843A-FFF870A22581}.Debug|Any CPU.Build.0 = Debug|Any CPU
		{B37CA473-F352-4DA1-843A-FFF870A22581}.Debug|ARM.ActiveCfg = Debug|Any CPU
		{B37CA473-F352-4DA1-843A-FFF870A22581}.Debug|ARM.Build.0 = Debug|Any CPU
		{B37CA473-F352-4DA1-843A-FFF870A22581}.Debug|iPhone.ActiveCfg = Debug|Any CPU
		{B37CA473-F352-4DA1-843A-FFF870A22581}.Debug|iPhone.Build.0 = Debug|Any CPU
		{B37CA473-F352-4DA1-843A-FFF870A22581}.Debug|iPhoneSimulator.ActiveCfg = Debug|Any CPU
		{B37CA473-F352-4DA1-843A-FFF870A22581}.Debug|iPhoneSimulator.Build.0 = Debug|Any CPU
		{B37CA473-F352-4DA1-843A-FFF870A22581}.Debug|x64.ActiveCfg = Debug|Any CPU
		{B37CA473-F352-4DA1-843A-FFF870A22581}.Debug|x64.Build.0 = Debug|Any CPU
		{B37CA473-F352-4DA1-843A-FFF870A22581}.Debug|x86.ActiveCfg = Debug|Any CPU
		{B37CA473-F352-4DA1-843A-FFF870A22581}.Debug|x86.Build.0 = Debug|Any CPU
		{B37CA473-F352-4DA1-843A-FFF870A22581}.Release|Any CPU.ActiveCfg = Release|Any CPU
		{B37CA473-F352-4DA1-843A-FFF870A22581}.Release|Any CPU.Build.0 = Release|Any CPU
		{B37CA473-F352-4DA1-843A-FFF870A22581}.Release|ARM.ActiveCfg = Release|Any CPU
		{B37CA473-F352-4DA1-843A-FFF870A22581}.Release|ARM.Build.0 = Release|Any CPU
		{B37CA473-F352-4DA1-843A-FFF870A22581}.Release|iPhone.ActiveCfg = Release|Any CPU
		{B37CA473-F352-4DA1-843A-FFF870A22581}.Release|iPhone.Build.0 = Release|Any CPU
		{B37CA473-F352-4DA1-843A-FFF870A22581}.Release|iPhoneSimulator.ActiveCfg = Release|Any CPU
		{B37CA473-F352-4DA1-843A-FFF870A22581}.Release|iPhoneSimulator.Build.0 = Release|Any CPU
		{B37CA473-F352-4DA1-843A-FFF870A22581}.Release|x64.ActiveCfg = Release|Any CPU
		{B37CA473-F352-4DA1-843A-FFF870A22581}.Release|x64.Build.0 = Release|Any CPU
		{B37CA473-F352-4DA1-843A-FFF870A22581}.Release|x86.ActiveCfg = Release|Any CPU
		{B37CA473-F352-4DA1-843A-FFF870A22581}.Release|x86.Build.0 = Release|Any CPU
		{56D194A9-1A22-4DF3-A3DC-5E98F531ABA3}.Debug|Any CPU.ActiveCfg = Debug|Any CPU
		{56D194A9-1A22-4DF3-A3DC-5E98F531ABA3}.Debug|Any CPU.Build.0 = Debug|Any CPU
		{56D194A9-1A22-4DF3-A3DC-5E98F531ABA3}.Debug|ARM.ActiveCfg = Debug|Any CPU
		{56D194A9-1A22-4DF3-A3DC-5E98F531ABA3}.Debug|ARM.Build.0 = Debug|Any CPU
		{56D194A9-1A22-4DF3-A3DC-5E98F531ABA3}.Debug|iPhone.ActiveCfg = Debug|Any CPU
		{56D194A9-1A22-4DF3-A3DC-5E98F531ABA3}.Debug|iPhone.Build.0 = Debug|Any CPU
		{56D194A9-1A22-4DF3-A3DC-5E98F531ABA3}.Debug|iPhoneSimulator.ActiveCfg = Debug|Any CPU
		{56D194A9-1A22-4DF3-A3DC-5E98F531ABA3}.Debug|iPhoneSimulator.Build.0 = Debug|Any CPU
		{56D194A9-1A22-4DF3-A3DC-5E98F531ABA3}.Debug|x64.ActiveCfg = Debug|Any CPU
		{56D194A9-1A22-4DF3-A3DC-5E98F531ABA3}.Debug|x64.Build.0 = Debug|Any CPU
		{56D194A9-1A22-4DF3-A3DC-5E98F531ABA3}.Debug|x86.ActiveCfg = Debug|Any CPU
		{56D194A9-1A22-4DF3-A3DC-5E98F531ABA3}.Debug|x86.Build.0 = Debug|Any CPU
		{56D194A9-1A22-4DF3-A3DC-5E98F531ABA3}.Release|Any CPU.ActiveCfg = Release|Any CPU
		{56D194A9-1A22-4DF3-A3DC-5E98F531ABA3}.Release|Any CPU.Build.0 = Release|Any CPU
		{56D194A9-1A22-4DF3-A3DC-5E98F531ABA3}.Release|ARM.ActiveCfg = Release|Any CPU
		{56D194A9-1A22-4DF3-A3DC-5E98F531ABA3}.Release|ARM.Build.0 = Release|Any CPU
		{56D194A9-1A22-4DF3-A3DC-5E98F531ABA3}.Release|iPhone.ActiveCfg = Release|Any CPU
		{56D194A9-1A22-4DF3-A3DC-5E98F531ABA3}.Release|iPhone.Build.0 = Release|Any CPU
		{56D194A9-1A22-4DF3-A3DC-5E98F531ABA3}.Release|iPhoneSimulator.ActiveCfg = Release|Any CPU
		{56D194A9-1A22-4DF3-A3DC-5E98F531ABA3}.Release|iPhoneSimulator.Build.0 = Release|Any CPU
		{56D194A9-1A22-4DF3-A3DC-5E98F531ABA3}.Release|x64.ActiveCfg = Release|Any CPU
		{56D194A9-1A22-4DF3-A3DC-5E98F531ABA3}.Release|x64.Build.0 = Release|Any CPU
		{56D194A9-1A22-4DF3-A3DC-5E98F531ABA3}.Release|x86.ActiveCfg = Release|Any CPU
		{56D194A9-1A22-4DF3-A3DC-5E98F531ABA3}.Release|x86.Build.0 = Release|Any CPU
		{6B7A85DC-D665-4599-935E-54169C197CF4}.Debug|Any CPU.ActiveCfg = Debug|Any CPU
		{6B7A85DC-D665-4599-935E-54169C197CF4}.Debug|Any CPU.Build.0 = Debug|Any CPU
		{6B7A85DC-D665-4599-935E-54169C197CF4}.Debug|ARM.ActiveCfg = Debug|Any CPU
		{6B7A85DC-D665-4599-935E-54169C197CF4}.Debug|ARM.Build.0 = Debug|Any CPU
		{6B7A85DC-D665-4599-935E-54169C197CF4}.Debug|iPhone.ActiveCfg = Debug|Any CPU
		{6B7A85DC-D665-4599-935E-54169C197CF4}.Debug|iPhone.Build.0 = Debug|Any CPU
		{6B7A85DC-D665-4599-935E-54169C197CF4}.Debug|iPhoneSimulator.ActiveCfg = Debug|Any CPU
		{6B7A85DC-D665-4599-935E-54169C197CF4}.Debug|iPhoneSimulator.Build.0 = Debug|Any CPU
		{6B7A85DC-D665-4599-935E-54169C197CF4}.Debug|x64.ActiveCfg = Debug|Any CPU
		{6B7A85DC-D665-4599-935E-54169C197CF4}.Debug|x64.Build.0 = Debug|Any CPU
		{6B7A85DC-D665-4599-935E-54169C197CF4}.Debug|x86.ActiveCfg = Debug|Any CPU
		{6B7A85DC-D665-4599-935E-54169C197CF4}.Debug|x86.Build.0 = Debug|Any CPU
		{6B7A85DC-D665-4599-935E-54169C197CF4}.Release|Any CPU.ActiveCfg = Release|Any CPU
		{6B7A85DC-D665-4599-935E-54169C197CF4}.Release|Any CPU.Build.0 = Release|Any CPU
		{6B7A85DC-D665-4599-935E-54169C197CF4}.Release|ARM.ActiveCfg = Release|Any CPU
		{6B7A85DC-D665-4599-935E-54169C197CF4}.Release|ARM.Build.0 = Release|Any CPU
		{6B7A85DC-D665-4599-935E-54169C197CF4}.Release|iPhone.ActiveCfg = Release|Any CPU
		{6B7A85DC-D665-4599-935E-54169C197CF4}.Release|iPhone.Build.0 = Release|Any CPU
		{6B7A85DC-D665-4599-935E-54169C197CF4}.Release|iPhoneSimulator.ActiveCfg = Release|Any CPU
		{6B7A85DC-D665-4599-935E-54169C197CF4}.Release|iPhoneSimulator.Build.0 = Release|Any CPU
		{6B7A85DC-D665-4599-935E-54169C197CF4}.Release|x64.ActiveCfg = Release|Any CPU
		{6B7A85DC-D665-4599-935E-54169C197CF4}.Release|x64.Build.0 = Release|Any CPU
		{6B7A85DC-D665-4599-935E-54169C197CF4}.Release|x86.ActiveCfg = Release|Any CPU
		{6B7A85DC-D665-4599-935E-54169C197CF4}.Release|x86.Build.0 = Release|Any CPU
		{B4F07D51-EF8B-4F3C-A045-B9995DCA52DF}.Debug|Any CPU.ActiveCfg = Debug|iPhoneSimulator
		{B4F07D51-EF8B-4F3C-A045-B9995DCA52DF}.Debug|ARM.ActiveCfg = Debug|iPhoneSimulator
		{B4F07D51-EF8B-4F3C-A045-B9995DCA52DF}.Debug|iPhone.ActiveCfg = Debug|iPhoneSimulator
		{B4F07D51-EF8B-4F3C-A045-B9995DCA52DF}.Debug|iPhoneSimulator.ActiveCfg = Debug|iPhoneSimulator
		{B4F07D51-EF8B-4F3C-A045-B9995DCA52DF}.Debug|iPhoneSimulator.Build.0 = Debug|iPhoneSimulator
		{B4F07D51-EF8B-4F3C-A045-B9995DCA52DF}.Debug|x64.ActiveCfg = Debug|iPhoneSimulator
		{B4F07D51-EF8B-4F3C-A045-B9995DCA52DF}.Debug|x86.ActiveCfg = Debug|iPhoneSimulator
		{B4F07D51-EF8B-4F3C-A045-B9995DCA52DF}.Release|Any CPU.ActiveCfg = Release|iPhoneSimulator
		{B4F07D51-EF8B-4F3C-A045-B9995DCA52DF}.Release|ARM.ActiveCfg = Release|iPhoneSimulator
		{B4F07D51-EF8B-4F3C-A045-B9995DCA52DF}.Release|iPhone.ActiveCfg = Release|iPhoneSimulator
		{B4F07D51-EF8B-4F3C-A045-B9995DCA52DF}.Release|iPhoneSimulator.ActiveCfg = Release|iPhoneSimulator
		{B4F07D51-EF8B-4F3C-A045-B9995DCA52DF}.Release|iPhoneSimulator.Build.0 = Release|iPhoneSimulator
		{B4F07D51-EF8B-4F3C-A045-B9995DCA52DF}.Release|x64.ActiveCfg = Release|iPhoneSimulator
		{B4F07D51-EF8B-4F3C-A045-B9995DCA52DF}.Release|x86.ActiveCfg = Release|iPhoneSimulator
		{A45EC442-CAF3-492D-B6D3-409C65633C4C}.Debug|Any CPU.ActiveCfg = Debug|x86
		{A45EC442-CAF3-492D-B6D3-409C65633C4C}.Debug|ARM.ActiveCfg = Debug|ARM
		{A45EC442-CAF3-492D-B6D3-409C65633C4C}.Debug|ARM.Build.0 = Debug|ARM
		{A45EC442-CAF3-492D-B6D3-409C65633C4C}.Debug|ARM.Deploy.0 = Debug|ARM
		{A45EC442-CAF3-492D-B6D3-409C65633C4C}.Debug|iPhone.ActiveCfg = Debug|x86
		{A45EC442-CAF3-492D-B6D3-409C65633C4C}.Debug|iPhoneSimulator.ActiveCfg = Debug|x86
		{A45EC442-CAF3-492D-B6D3-409C65633C4C}.Debug|x64.ActiveCfg = Debug|x64
		{A45EC442-CAF3-492D-B6D3-409C65633C4C}.Debug|x64.Build.0 = Debug|x64
		{A45EC442-CAF3-492D-B6D3-409C65633C4C}.Debug|x64.Deploy.0 = Debug|x64
		{A45EC442-CAF3-492D-B6D3-409C65633C4C}.Debug|x86.ActiveCfg = Debug|x86
		{A45EC442-CAF3-492D-B6D3-409C65633C4C}.Debug|x86.Build.0 = Debug|x86
		{A45EC442-CAF3-492D-B6D3-409C65633C4C}.Debug|x86.Deploy.0 = Debug|x86
		{A45EC442-CAF3-492D-B6D3-409C65633C4C}.Release|Any CPU.ActiveCfg = Release|x86
		{A45EC442-CAF3-492D-B6D3-409C65633C4C}.Release|ARM.ActiveCfg = Release|ARM
		{A45EC442-CAF3-492D-B6D3-409C65633C4C}.Release|ARM.Build.0 = Release|ARM
		{A45EC442-CAF3-492D-B6D3-409C65633C4C}.Release|ARM.Deploy.0 = Release|ARM
		{A45EC442-CAF3-492D-B6D3-409C65633C4C}.Release|iPhone.ActiveCfg = Release|x86
		{A45EC442-CAF3-492D-B6D3-409C65633C4C}.Release|iPhoneSimulator.ActiveCfg = Release|x86
		{A45EC442-CAF3-492D-B6D3-409C65633C4C}.Release|x64.ActiveCfg = Release|x64
		{A45EC442-CAF3-492D-B6D3-409C65633C4C}.Release|x64.Build.0 = Release|x64
		{A45EC442-CAF3-492D-B6D3-409C65633C4C}.Release|x64.Deploy.0 = Release|x64
		{A45EC442-CAF3-492D-B6D3-409C65633C4C}.Release|x86.ActiveCfg = Release|x86
		{A45EC442-CAF3-492D-B6D3-409C65633C4C}.Release|x86.Build.0 = Release|x86
		{A45EC442-CAF3-492D-B6D3-409C65633C4C}.Release|x86.Deploy.0 = Release|x86
	EndGlobalSection
	GlobalSection(SolutionProperties) = preSolution
		HideSolutionNode = FALSE
	EndGlobalSection
	GlobalSection(NestedProjects) = preSolution
		{88C3B0E1-0277-45DD-BEBF-FD66FE687700} = {B9AA2A9C-A7D7-4B85-B7BE-55BFDBCDC0A2}
		{56D194A9-1A22-4DF3-A3DC-5E98F531ABA3} = {FF34721A-3A21-483E-B770-2F4A57F21CCF}
		{6B7A85DC-D665-4599-935E-54169C197CF4} = {FF34721A-3A21-483E-B770-2F4A57F21CCF}
	EndGlobalSection
	GlobalSection(ExtensibilityGlobals) = postSolution
		SolutionGuid = {2C34F3D3-1D58-455F-AD2B-333F445AB5BF}
	EndGlobalSection
EndGlobal
